
Microsoft Visual Studio Solution File, Format Version 12.00
# Visual Studio 2012
Project("{FAE04EC0-301F-11D3-BF4B-00C04F79EFBC}") = "GZ_DQCleaningCompany", "GZ_DQCleaningCompany\GZ_DQCleaningCompany.csproj", "{BC28F823-9954-4A59-94EB-8EB2A07D0A48}"
EndProject
Project("{FAE04EC0-301F-11D3-BF4B-00C04F79EFBC}") = "Order.Common", "Order.Common\Order.Common.csproj", "{EB3B4387-9D4C-4A07-A558-971602541779}"
EndProject
Project("{FAE04EC0-301F-11D3-BF4B-00C04F79EFBC}") = "Order.Buiness", "Order.Buiness\Order.Buiness.csproj", "{37926829-8134-4622-A386-931A26B411F0}"
EndProject
Project("{FAE04EC0-301F-11D3-BF4B-00C04F79EFBC}") = "Order.DB", "Order.DB\Order.DB.csproj", "{C686953F-4F4A-4BD8-A6B8-EBAFD17705AB}"
EndProject
Project("{6141683F-8A12-4E36-9623-2EB02B2C2303}") = "Setup", "Setup\Setup.isproj", "{A690AD7B-92B5-4FA8-8C24-E6288110B689}"
EndProject
Global
	GlobalSection(SolutionConfigurationPlatforms) = preSolution
		CD_ROM|Any CPU = CD_ROM|Any CPU
		Debug|Any CPU = Debug|Any CPU
		DVD-5|Any CPU = DVD-5|Any CPU
		Release|Any CPU = Release|Any CPU
		SingleImage|Any CPU = SingleImage|Any CPU
	EndGlobalSection
	GlobalSection(ProjectConfigurationPlatforms) = postSolution
		{BC28F823-9954-4A59-94EB-8EB2A07D0A48}.CD_ROM|Any CPU.ActiveCfg = Release|Any CPU
		{BC28F823-9954-4A59-94EB-8EB2A07D0A48}.CD_ROM|Any CPU.Build.0 = Release|Any CPU
		{BC28F823-9954-4A59-94EB-8EB2A07D0A48}.Debug|Any CPU.ActiveCfg = Debug|Any CPU
		{BC28F823-9954-4A59-94EB-8EB2A07D0A48}.Debug|Any CPU.Build.0 = Debug|Any CPU
		{BC28F823-9954-4A59-94EB-8EB2A07D0A48}.DVD-5|Any CPU.ActiveCfg = Debug|Any CPU
		{BC28F823-9954-4A59-94EB-8EB2A07D0A48}.DVD-5|Any CPU.Build.0 = Debug|Any CPU
		{BC28F823-9954-4A59-94EB-8EB2A07D0A48}.Release|Any CPU.ActiveCfg = Release|Any CPU
		{BC28F823-9954-4A59-94EB-8EB2A07D0A48}.Release|Any CPU.Build.0 = Release|Any CPU
		{BC28F823-9954-4A59-94EB-8EB2A07D0A48}.SingleImage|Any CPU.ActiveCfg = Debug|Any CPU
		{BC28F823-9954-4A59-94EB-8EB2A07D0A48}.SingleImage|Any CPU.Build.0 = Debug|Any CPU
		{EB3B4387-9D4C-4A07-A558-971602541779}.CD_ROM|Any CPU.ActiveCfg = Release|Any CPU
		{EB3B4387-9D4C-4A07-A558-971602541779}.CD_ROM|Any CPU.Build.0 = Release|Any CPU
		{EB3B4387-9D4C-4A07-A558-971602541779}.Debug|Any CPU.ActiveCfg = Debug|Any CPU
		{EB3B4387-9D4C-4A07-A558-971602541779}.Debug|Any CPU.Build.0 = Debug|Any CPU
		{EB3B4387-9D4C-4A07-A558-971602541779}.DVD-5|Any CPU.ActiveCfg = Debug|Any CPU
		{EB3B4387-9D4C-4A07-A558-971602541779}.DVD-5|Any CPU.Build.0 = Debug|Any CPU
		{EB3B4387-9D4C-4A07-A558-971602541779}.Release|Any CPU.ActiveCfg = Release|Any CPU
		{EB3B4387-9D4C-4A07-A558-971602541779}.Release|Any CPU.Build.0 = Release|Any CPU
		{EB3B4387-9D4C-4A07-A558-971602541779}.SingleImage|Any CPU.ActiveCfg = Debug|Any CPU
		{EB3B4387-9D4C-4A07-A558-971602541779}.SingleImage|Any CPU.Build.0 = Debug|Any CPU
		{37926829-8134-4622-A386-931A26B411F0}.CD_ROM|Any CPU.ActiveCfg = Release|Any CPU
		{37926829-8134-4622-A386-931A26B411F0}.CD_ROM|Any CPU.Build.0 = Release|Any CPU
		{37926829-8134-4622-A386-931A26B411F0}.Debug|Any CPU.ActiveCfg = Debug|Any CPU
		{37926829-8134-4622-A386-931A26B411F0}.Debug|Any CPU.Build.0 = Debug|Any CPU
		{37926829-8134-4622-A386-931A26B411F0}.DVD-5|Any CPU.ActiveCfg = Debug|Any CPU
		{37926829-8134-4622-A386-931A26B411F0}.DVD-5|Any CPU.Build.0 = Debug|Any CPU
		{37926829-8134-4622-A386-931A26B411F0}.Release|Any CPU.ActiveCfg = Release|Any CPU
		{37926829-8134-4622-A386-931A26B411F0}.Release|Any CPU.Build.0 = Release|Any CPU
		{37926829-8134-4622-A386-931A26B411F0}.SingleImage|Any CPU.ActiveCfg = Debug|Any CPU
		{37926829-8134-4622-A386-931A26B411F0}.SingleImage|Any CPU.Build.0 = Debug|Any CPU
		{C686953F-4F4A-4BD8-A6B8-EBAFD17705AB}.CD_ROM|Any CPU.ActiveCfg = Release|Any CPU
		{C686953F-4F4A-4BD8-A6B8-EBAFD17705AB}.CD_ROM|Any CPU.Build.0 = Release|Any CPU
		{C686953F-4F4A-4BD8-A6B8-EBAFD17705AB}.Debug|Any CPU.ActiveCfg = Debug|Any CPU
		{C686953F-4F4A-4BD8-A6B8-EBAFD17705AB}.Debug|Any CPU.Build.0 = Debug|Any CPU
		{C686953F-4F4A-4BD8-A6B8-EBAFD17705AB}.DVD-5|Any CPU.ActiveCfg = Debug|Any CPU
		{C686953F-4F4A-4BD8-A6B8-EBAFD17705AB}.DVD-5|Any CPU.Build.0 = Debug|Any CPU
		{C686953F-4F4A-4BD8-A6B8-EBAFD17705AB}.Release|Any CPU.ActiveCfg = Release|Any CPU
		{C686953F-4F4A-4BD8-A6B8-EBAFD17705AB}.Release|Any CPU.Build.0 = Release|Any CPU
		{C686953F-4F4A-4BD8-A6B8-EBAFD17705AB}.SingleImage|Any CPU.ActiveCfg = Debug|Any CPU
		{C686953F-4F4A-4BD8-A6B8-EBAFD17705AB}.SingleImage|Any CPU.Build.0 = Debug|Any CPU
		{A690AD7B-92B5-4FA8-8C24-E6288110B689}.CD_ROM|Any CPU.ActiveCfg = CD_ROM
		{A690AD7B-92B5-4FA8-8C24-E6288110B689}.CD_ROM|Any CPU.Build.0 = CD_ROM
		{A690AD7B-92B5-4FA8-8C24-E6288110B689}.Debug|Any CPU.ActiveCfg = DVD-5
		{A690AD7B-92B5-4FA8-8C24-E6288110B689}.Debug|Any CPU.Build.0 = DVD-5
		{A690AD7B-92B5-4FA8-8C24-E6288110B689}.DVD-5|Any CPU.ActiveCfg = DVD-5
		{A690AD7B-92B5-4FA8-8C24-E6288110B689}.DVD-5|Any CPU.Build.0 = DVD-5
		{A690AD7B-92B5-4FA8-8C24-E6288110B689}.Release|Any CPU.ActiveCfg = SingleImage
		{A690AD7B-92B5-4FA8-8C24-E6288110B689}.Release|Any CPU.Build.0 = SingleImage
		{A690AD7B-92B5-4FA8-8C24-E6288110B689}.SingleImage|Any CPU.ActiveCfg = SingleImage
		{A690AD7B-92B5-4FA8-8C24-E6288110B689}.SingleImage|Any CPU.Build.0 = SingleImage
	EndGlobalSection
	GlobalSection(SolutionProperties) = preSolution
		HideSolutionNode = FALSE
	EndGlobalSection
EndGlobal
